// !$*UTF8*$!
{
	archiveVersion = 1;
	classes = {
	};
	objectVersion = 50;
	objects = {

/* Begin PBXBuildFile section */
		C20B884C222EB8FB007BDBF4 /* AppDelegate.swift in Sources */ = {isa = PBXBuildFile; fileRef = C20B884B222EB8FB007BDBF4 /* AppDelegate.swift */; };
		C20B884E222EB8FB007BDBF4 /* LoginViewController.swift in Sources */ = {isa = PBXBuildFile; fileRef = C20B884D222EB8FB007BDBF4 /* LoginViewController.swift */; };
		C20B8851222EB8FB007BDBF4 /* Main.storyboard in Resources */ = {isa = PBXBuildFile; fileRef = C20B884F222EB8FB007BDBF4 /* Main.storyboard */; };
		C20B8854222EB8FB007BDBF4 /* IPTVMedya.xcdatamodeld in Sources */ = {isa = PBXBuildFile; fileRef = C20B8852222EB8FB007BDBF4 /* IPTVMedya.xcdatamodeld */; };
		C20B8856222EB8FC007BDBF4 /* Assets.xcassets in Resources */ = {isa = PBXBuildFile; fileRef = C20B8855222EB8FC007BDBF4 /* Assets.xcassets */; };
		C20B8859222EB8FC007BDBF4 /* LaunchScreen.storyboard in Resources */ = {isa = PBXBuildFile; fileRef = C20B8857222EB8FC007BDBF4 /* LaunchScreen.storyboard */; };
		C23C96132231679E00BDCDD8 /* Downloader.swift in Sources */ = {isa = PBXBuildFile; fileRef = C23C96122231679E00BDCDD8 /* Downloader.swift */; };
		C23C96162231734700BDCDD8 /* M3UItem.swift in Sources */ = {isa = PBXBuildFile; fileRef = C23C96152231734700BDCDD8 /* M3UItem.swift */; };
		C23C96182231737E00BDCDD8 /* M3UPlayList.swift in Sources */ = {isa = PBXBuildFile; fileRef = C23C96172231737E00BDCDD8 /* M3UPlayList.swift */; };
		C23C961A223173DD00BDCDD8 /* M3UParser.swift in Sources */ = {isa = PBXBuildFile; fileRef = C23C9619223173DD00BDCDD8 /* M3UParser.swift */; };
		C23C961C2235A1D800BDCDD8 /* CategoriesCollectionViewController.swift in Sources */ = {isa = PBXBuildFile; fileRef = C23C961B2235A1D800BDCDD8 /* CategoriesCollectionViewController.swift */; };
		C23C961E2235A56A00BDCDD8 /* MyCollectionViewCell.swift in Sources */ = {isa = PBXBuildFile; fileRef = C23C961D2235A56A00BDCDD8 /* MyCollectionViewCell.swift */; };
		C28C5B3D2237FB55009CA7A6 /* CategoryDetailCollectionViewController.swift in Sources */ = {isa = PBXBuildFile; fileRef = C28C5B3C2237FB55009CA7A6 /* CategoryDetailCollectionViewController.swift */; };
		C28C5B4122380D32009CA7A6 /* CategoryDetailViewCell.swift in Sources */ = {isa = PBXBuildFile; fileRef = C28C5B4022380D32009CA7A6 /* CategoryDetailViewCell.swift */; };
/* End PBXBuildFile section */

/* Begin PBXFileReference section */
		C20B8848222EB8FB007BDBF4 /* IPTVMedya.app */ = {isa = PBXFileReference; explicitFileType = wrapper.application; includeInIndex = 0; path = IPTVMedya.app; sourceTree = BUILT_PRODUCTS_DIR; };
		C20B884B222EB8FB007BDBF4 /* AppDelegate.swift */ = {isa = PBXFileReference; lastKnownFileType = sourcecode.swift; path = AppDelegate.swift; sourceTree = "<group>"; };
		C20B884D222EB8FB007BDBF4 /* LoginViewController.swift */ = {isa = PBXFileReference; lastKnownFileType = sourcecode.swift; path = LoginViewController.swift; sourceTree = "<group>"; };
		C20B8850222EB8FB007BDBF4 /* Base */ = {isa = PBXFileReference; lastKnownFileType = file.storyboard; name = Base; path = Base.lproj/Main.storyboard; sourceTree = "<group>"; };
		C20B8853222EB8FB007BDBF4 /* IPTVMedya.xcdatamodel */ = {isa = PBXFileReference; lastKnownFileType = wrapper.xcdatamodel; path = IPTVMedya.xcdatamodel; sourceTree = "<group>"; };
		C20B8855222EB8FC007BDBF4 /* Assets.xcassets */ = {isa = PBXFileReference; lastKnownFileType = folder.assetcatalog; path = Assets.xcassets; sourceTree = "<group>"; };
		C20B8858222EB8FC007BDBF4 /* Base */ = {isa = PBXFileReference; lastKnownFileType = file.storyboard; name = Base; path = Base.lproj/LaunchScreen.storyboard; sourceTree = "<group>"; };
		C20B885A222EB8FC007BDBF4 /* Info.plist */ = {isa = PBXFileReference; lastKnownFileType = text.plist.xml; path = Info.plist; sourceTree = "<group>"; };
		C23C96122231679E00BDCDD8 /* Downloader.swift */ = {isa = PBXFileReference; lastKnownFileType = sourcecode.swift; path = Downloader.swift; sourceTree = "<group>"; };
		C23C96152231734700BDCDD8 /* M3UItem.swift */ = {isa = PBXFileReference; lastKnownFileType = sourcecode.swift; path = M3UItem.swift; sourceTree = "<group>"; };
		C23C96172231737E00BDCDD8 /* M3UPlayList.swift */ = {isa = PBXFileReference; lastKnownFileType = sourcecode.swift; path = M3UPlayList.swift; sourceTree = "<group>"; };
		C23C9619223173DD00BDCDD8 /* M3UParser.swift */ = {isa = PBXFileReference; lastKnownFileType = sourcecode.swift; path = M3UParser.swift; sourceTree = "<group>"; };
		C23C961B2235A1D800BDCDD8 /* CategoriesCollectionViewController.swift */ = {isa = PBXFileReference; lastKnownFileType = sourcecode.swift; path = CategoriesCollectionViewController.swift; sourceTree = "<group>"; };
		C23C961D2235A56A00BDCDD8 /* MyCollectionViewCell.swift */ = {isa = PBXFileReference; lastKnownFileType = sourcecode.swift; path = MyCollectionViewCell.swift; sourceTree = "<group>"; };
		C28C5B3C2237FB55009CA7A6 /* CategoryDetailCollectionViewController.swift */ = {isa = PBXFileReference; lastKnownFileType = sourcecode.swift; path = CategoryDetailCollectionViewController.swift; sourceTree = "<group>"; };
		C28C5B4022380D32009CA7A6 /* CategoryDetailViewCell.swift */ = {isa = PBXFileReference; lastKnownFileType = sourcecode.swift; path = CategoryDetailViewCell.swift; sourceTree = "<group>"; };
/* End PBXFileReference section */

/* Begin PBXFrameworksBuildPhase section */
		C20B8845222EB8FB007BDBF4 /* Frameworks */ = {
			isa = PBXFrameworksBuildPhase;
			buildActionMask = 2147483647;
			files = (
			);
			runOnlyForDeploymentPostprocessing = 0;
		};
/* End PBXFrameworksBuildPhase section */

/* Begin PBXGroup section */
		C20B883F222EB8FB007BDBF4 = {
			isa = PBXGroup;
			children = (
				C20B884A222EB8FB007BDBF4 /* IPTVMedya */,
				C20B8849222EB8FB007BDBF4 /* Products */,
			);
			sourceTree = "<group>";
		};
		C20B8849222EB8FB007BDBF4 /* Products */ = {
			isa = PBXGroup;
			children = (
				C20B8848222EB8FB007BDBF4 /* IPTVMedya.app */,
			);
			name = Products;
			sourceTree = "<group>";
		};
		C20B884A222EB8FB007BDBF4 /* IPTVMedya */ = {
			isa = PBXGroup;
			children = (
				C23C96142231732400BDCDD8 /* m3u */,
				C20B884B222EB8FB007BDBF4 /* AppDelegate.swift */,
				C20B884D222EB8FB007BDBF4 /* LoginViewController.swift */,
				C20B884F222EB8FB007BDBF4 /* Main.storyboard */,
				C20B8855222EB8FC007BDBF4 /* Assets.xcassets */,
				C20B8857222EB8FC007BDBF4 /* LaunchScreen.storyboard */,
				C20B885A222EB8FC007BDBF4 /* Info.plist */,
				C20B8852222EB8FB007BDBF4 /* IPTVMedya.xcdatamodeld */,
				C23C96122231679E00BDCDD8 /* Downloader.swift */,
				C23C961B2235A1D800BDCDD8 /* CategoriesCollectionViewController.swift */,
				C23C961D2235A56A00BDCDD8 /* MyCollectionViewCell.swift */,
				C28C5B3C2237FB55009CA7A6 /* CategoryDetailCollectionViewController.swift */,
				C28C5B4022380D32009CA7A6 /* CategoryDetailViewCell.swift */,
			);
			path = IPTVMedya;
			sourceTree = "<group>";
		};
		C23C96142231732400BDCDD8 /* m3u */ = {
			isa = PBXGroup;
			children = (
				C23C96152231734700BDCDD8 /* M3UItem.swift */,
				C23C96172231737E00BDCDD8 /* M3UPlayList.swift */,
				C23C9619223173DD00BDCDD8 /* M3UParser.swift */,
			);
			path = m3u;
			sourceTree = "<group>";
		};
/* End PBXGroup section */

/* Begin PBXNativeTarget section */
		C20B8847222EB8FB007BDBF4 /* IPTVMedya */ = {
			isa = PBXNativeTarget;
			buildConfigurationList = C20B885D222EB8FC007BDBF4 /* Build configuration list for PBXNativeTarget "IPTVMedya" */;
			buildPhases = (
				C20B8844222EB8FB007BDBF4 /* Sources */,
				C20B8845222EB8FB007BDBF4 /* Frameworks */,
				C20B8846222EB8FB007BDBF4 /* Resources */,
			);
			buildRules = (
			);
			dependencies = (
			);
			name = IPTVMedya;
			productName = IPTVMedya;
			productReference = C20B8848222EB8FB007BDBF4 /* IPTVMedya.app */;
			productType = "com.apple.product-type.application";
		};
/* End PBXNativeTarget section */

/* Begin PBXProject section */
		C20B8840222EB8FB007BDBF4 /* Project object */ = {
			isa = PBXProject;
			attributes = {
				LastSwiftUpdateCheck = 1010;
				LastUpgradeCheck = 1010;
				ORGANIZATIONNAME = "BURHAN ARAS";
				TargetAttributes = {
					C20B8847222EB8FB007BDBF4 = {
						CreatedOnToolsVersion = 10.1;
					};
				};
			};
			buildConfigurationList = C20B8843222EB8FB007BDBF4 /* Build configuration list for PBXProject "IPTVMedya" */;
			compatibilityVersion = "Xcode 9.3";
			developmentRegion = en;
			hasScannedForEncodings = 0;
			knownRegions = (
				en,
				Base,
			);
			mainGroup = C20B883F222EB8FB007BDBF4;
			productRefGroup = C20B8849222EB8FB007BDBF4 /* Products */;
			projectDirPath = "";
			projectRoot = "";
			targets = (
				C20B8847222EB8FB007BDBF4 /* IPTVMedya */,
			);
		};
/* End PBXProject section */

/* Begin PBXResourcesBuildPhase section */
		C20B8846222EB8FB007BDBF4 /* Resources */ = {
			isa = PBXResourcesBuildPhase;
			buildActionMask = 2147483647;
			files = (
				C20B8859222EB8FC007BDBF4 /* LaunchScreen.storyboard in Resources */,
				C20B8856222EB8FC007BDBF4 /* Assets.xcassets in Resources */,
				C20B8851222EB8FB007BDBF4 /* Main.storyboard in Resources */,
			);
			runOnlyForDeploymentPostprocessing = 0;
		};
/* End PBXResourcesBuildPhase section */

/* Begin PBXSourcesBuildPhase section */
		C20B8844222EB8FB007BDBF4 /* Sources */ = {
			isa = PBXSourcesBuildPhase;
			buildActionMask = 2147483647;
			files = (
				C28C5B4122380D32009CA7A6 /* CategoryDetailViewCell.swift in Sources */,
				C23C961A223173DD00BDCDD8 /* M3UParser.swift in Sources */,
				C20B8854222EB8FB007BDBF4 /* IPTVMedya.xcdatamodeld in Sources */,
				C23C961E2235A56A00BDCDD8 /* MyCollectionViewCell.swift in Sources */,
				C20B884E222EB8FB007BDBF4 /* LoginViewController.swift in Sources */,
				C23C96132231679E00BDCDD8 /* Downloader.swift in Sources */,
				C23C961C2235A1D800BDCDD8 /* CategoriesCollectionViewController.swift in Sources */,
				C23C96182231737E00BDCDD8 /* M3UPlayList.swift in Sources */,
				C23C96162231734700BDCDD8 /* M3UItem.swift in Sources */,
				C20B884C222EB8FB007BDBF4 /* AppDelegate.swift in Sources */,
				C28C5B3D2237FB55009CA7A6 /* CategoryDetailCollectionViewController.swift in Sources */,
			);
			runOnlyForDeploymentPostprocessing = 0;
		};
/* End PBXSourcesBuildPhase section */

/* Begin PBXVariantGroup section */
		C20B884F222EB8FB007BDBF4 /* Main.storyboard */ = {
			isa = PBXVariantGroup;
			children = (
				C20B8850222EB8FB007BDBF4 /* Base */,
			);
			name = Main.storyboard;
			sourceTree = "<group>";
		};
		C20B8857222EB8FC007BDBF4 /* LaunchScreen.storyboard */ = {
			isa = PBXVariantGroup;
			children = (
				C20B8858222EB8FC007BDBF4 /* Base */,
			);
			name = LaunchScreen.storyboard;
			sourceTree = "<group>";
		};
/* End PBXVariantGroup section */

/* Begin XCBuildConfiguration section */
		C20B885B222EB8FC007BDBF4 /* Debug */ = {
			isa = XCBuildConfiguration;
			buildSettings = {
				ALWAYS_SEARCH_USER_PATHS = NO;
				CLANG_ANALYZER_NONNULL = YES;
				CLANG_ANALYZER_NUMBER_OBJECT_CONVERSION = YES_AGGRESSIVE;
				CLANG_CXX_LANGUAGE_STANDARD = "gnu++14";
				CLANG_CXX_LIBRARY = "libc++";
				CLANG_ENABLE_MODULES = YES;
				CLANG_ENABLE_OBJC_ARC = YES;
				CLANG_ENABLE_OBJC_WEAK = YES;
				CLANG_WARN_BLOCK_CAPTURE_AUTORELEASING = YES;
				CLANG_WARN_BOOL_CONVERSION = YES;
				CLANG_WARN_COMMA = YES;
				CLANG_WARN_CONSTANT_CONVERSION = YES;
				CLANG_WARN_DEPRECATED_OBJC_IMPLEMENTATIONS = YES;
				CLANG_WARN_DIRECT_OBJC_ISA_USAGE = YES_ERROR;
				CLANG_WARN_DOCUMENTATION_COMMENTS = YES;
				CLANG_WARN_EMPTY_BODY = YES;
				CLANG_WARN_ENUM_CONVERSION = YES;
				CLANG_WARN_INFINITE_RECURSION = YES;
				CLANG_WARN_INT_CONVERSION = YES;
				CLANG_WARN_NON_LITERAL_NULL_CONVERSION = YES;
				CLANG_WARN_OBJC_IMPLICIT_RETAIN_SELF = YES;
				CLANG_WARN_OBJC_LITERAL_CONVERSION = YES;
				CLANG_WARN_OBJC_ROOT_CLASS = YES_ERROR;
				CLANG_WARN_RANGE_LOOP_ANALYSIS = YES;
				CLANG_WARN_STRICT_PROTOTYPES = YES;
				CLANG_WARN_SUSPICIOUS_MOVE = YES;
				CLANG_WARN_UNGUARDED_AVAILABILITY = YES_AGGRESSIVE;
				CLANG_WARN_UNREACHABLE_CODE = YES;
				CLANG_WARN__DUPLICATE_METHOD_MATCH = YES;
				CODE_SIGN_IDENTITY = "iPhone Developer";
				COPY_PHASE_STRIP = NO;
				DEBUG_INFORMATION_FORMAT = dwarf;
				ENABLE_STRICT_OBJC_MSGSEND = YES;
				ENABLE_TESTABILITY = YES;
				GCC_C_LANGUAGE_STANDARD = gnu11;
				GCC_DYNAMIC_NO_PIC = NO;
				GCC_NO_COMMON_BLOCKS = YES;
				GCC_OPTIMIZATION_LEVEL = 0;
				GCC_PREPROCESSOR_DEFINITIONS = (
					"DEBUG=1",
					"$(inherited)",
				);
				GCC_WARN_64_TO_32_BIT_CONVERSION = YES;
				GCC_WARN_ABOUT_RETURN_TYPE = YES_ERROR;
				GCC_WARN_UNDECLARED_SELECTOR = YES;
				GCC_WARN_UNINITIALIZED_AUTOS = YES_AGGRESSIVE;
				GCC_WARN_UNUSED_FUNCTION = YES;
				GCC_WARN_UNUSED_VARIABLE = YES;
				IPHONEOS_DEPLOYMENT_TARGET = 12.1;
				MTL_ENABLE_DEBUG_INFO = INCLUDE_SOURCE;
				MTL_FAST_MATH = YES;
				ONLY_ACTIVE_ARCH = YES;
				SDKROOT = iphoneos;
				SWIFT_ACTIVE_COMPILATION_CONDITIONS = DEBUG;
				SWIFT_OPTIMIZATION_LEVEL = "-Onone";
			};
			name = Debug;
		};
		C20B885C222EB8FC007BDBF4 /* Release */ = {
			isa = XCBuildConfiguration;
			buildSettings = {
				ALWAYS_SEARCH_USER_PATHS = NO;
				CLANG_ANALYZER_NONNULL = YES;
				CLANG_ANALYZER_NUMBER_OBJECT_CONVERSION = YES_AGGRESSIVE;
				CLANG_CXX_LANGUAGE_STANDARD = "gnu++14";
				CLANG_CXX_LIBRARY = "libc++";
				CLANG_ENABLE_MODULES = YES;
				CLANG_ENABLE_OBJC_ARC = YES;
				CLANG_ENABLE_OBJC_WEAK = YES;
				CLANG_WARN_BLOCK_CAPTURE_AUTORELEASING = YES;
				CLANG_WARN_BOOL_CONVERSION = YES;
				CLANG_WARN_COMMA = YES;
				CLANG_WARN_CONSTANT_CONVERSION = YES;
				CLANG_WARN_DEPRECATED_OBJC_IMPLEMENTATIONS = YES;
				CLANG_WARN_DIRECT_OBJC_ISA_USAGE = YES_ERROR;
				CLANG_WARN_DOCUMENTATION_COMMENTS = YES;
				CLANG_WARN_EMPTY_BODY = YES;
				CLANG_WARN_ENUM_CONVERSION = YES;
				CLANG_WARN_INFINITE_RECURSION = YES;
				CLANG_WARN_INT_CONVERSION = YES;
				CLANG_WARN_NON_LITERAL_NULL_CONVERSION = YES;
				CLANG_WARN_OBJC_IMPLICIT_RETAIN_SELF = YES;
				CLANG_WARN_OBJC_LITERAL_CONVERSION = YES;
				CLANG_WARN_OBJC_ROOT_CLASS = YES_ERROR;
				CLANG_WARN_RANGE_LOOP_ANALYSIS = YES;
				CLANG_WARN_STRICT_PROTOTYPES = YES;
				CLANG_WARN_SUSPICIOUS_MOVE = YES;
				CLANG_WARN_UNGUARDED_AVAILABILITY = YES_AGGRESSIVE;
				CLANG_WARN_UNREACHABLE_CODE = YES;
				CLANG_WARN__DUPLICATE_METHOD_MATCH = YES;
				CODE_SIGN_IDENTITY = "iPhone Developer";
				COPY_PHASE_STRIP = NO;
				DEBUG_INFORMATION_FORMAT = "dwarf-with-dsym";
				ENABLE_NS_ASSERTIONS = NO;
				ENABLE_STRICT_OBJC_MSGSEND = YES;
				GCC_C_LANGUAGE_STANDARD = gnu11;
				GCC_NO_COMMON_BLOCKS = YES;
				GCC_WARN_64_TO_32_BIT_CONVERSION = YES;
				GCC_WARN_ABOUT_RETURN_TYPE = YES_ERROR;
				GCC_WARN_UNDECLARED_SELECTOR = YES;
				GCC_WARN_UNINITIALIZED_AUTOS = YES_AGGRESSIVE;
				GCC_WARN_UNUSED_FUNCTION = YES;
				GCC_WARN_UNUSED_VARIABLE = YES;
				IPHONEOS_DEPLOYMENT_TARGET = 12.1;
				MTL_ENABLE_DEBUG_INFO = NO;
				MTL_FAST_MATH = YES;
				SDKROOT = iphoneos;
				SWIFT_COMPILATION_MODE = wholemodule;
				SWIFT_OPTIMIZATION_LEVEL = "-O";
				VALIDATE_PRODUCT = YES;
			};
			name = Release;
		};
		C20B885E222EB8FC007BDBF4 /* Debug */ = {
			isa = XCBuildConfiguration;
			buildSettings = {
				ASSETCATALOG_COMPILER_APPICON_NAME = AppIcon;
				CODE_SIGN_STYLE = Automatic;
				DEVELOPMENT_TEAM = 6QHU56UTR8;
				INFOPLIST_FILE = IPTVMedya/Info.plist;
				LD_RUNPATH_SEARCH_PATHS = (
					"$(inherited)",
					"@executable_path/Frameworks",
				);
				PRODUCT_BUNDLE_IDENTIFIER = com.burhan.IPTVMedya;
				PRODUCT_NAME = "$(TARGET_NAME)";
				SWIFT_VERSION = 4.2;
				TARGETED_DEVICE_FAMILY = "1,2";
			};
			name = Debug;
		};
		C20B885F222EB8FC007BDBF4 /* Release */ = {
			isa = XCBuildConfiguration;
			buildSettings = {
				ASSETCATALOG_COMPILER_APPICON_NAME = AppIcon;
				CODE_SIGN_STYLE = Automatic;
				DEVELOPMENT_TEAM = 6QHU56UTR8;
				INFOPLIST_FILE = IPTVMedya/Info.plist;
				LD_RUNPATH_SEARCH_PATHS = (
					"$(inherited)",
					"@executable_path/Frameworks",
				);
				PRODUCT_BUNDLE_IDENTIFIER = com.burhan.IPTVMedya;
				PRODUCT_NAME = "$(TARGET_NAME)";
				SWIFT_VERSION = 4.2;
				TARGETED_DEVICE_FAMILY = "1,2";
			};
			name = Release;
		};
/* End XCBuildConfiguration section */

/* Begin XCConfigurationList section */
		C20B8843222EB8FB007BDBF4 /* Build configuration list for PBXProject "IPTVMedya" */ = {
			isa = XCConfigurationList;
			buildConfigurations = (
				C20B885B222EB8FC007BDBF4 /* Debug */,
				C20B885C222EB8FC007BDBF4 /* Release */,
			);
			defaultConfigurationIsVisible = 0;
			defaultConfigurationName = Release;
		};
		C20B885D222EB8FC007BDBF4 /* Build configuration list for PBXNativeTarget "IPTVMedya" */ = {
			isa = XCConfigurationList;
			buildConfigurations = (
				C20B885E222EB8FC007BDBF4 /* Debug */,
				C20B885F222EB8FC007BDBF4 /* Release */,
			);
			defaultConfigurationIsVisible = 0;
			defaultConfigurationName = Release;
		};
/* End XCConfigurationList section */

/* Begin XCVersionGroup section */
		C20B8852222EB8FB007BDBF4 /* IPTVMedya.xcdatamodeld */ = {
			isa = XCVersionGroup;
			children = (
				C20B8853222EB8FB007BDBF4 /* IPTVMedya.xcdatamodel */,
			);
			currentVersion = C20B8853222EB8FB007BDBF4 /* IPTVMedya.xcdatamodel */;
			path = IPTVMedya.xcdatamodeld;
			sourceTree = "<group>";
			versionGroupType = wrapper.xcdatamodel;
		};
/* End XCVersionGroup section */
	};
	rootObject = C20B8840222EB8FB007BDBF4 /* Project object */;
}
